
Microsoft Visual Studio Solution File, Format Version 12.00
# Visual Studio 2015
Project("{FAE04EC0-301F-11D3-BF4B-00C04F79EFBC}") = "GrowingUp.CSharp", "GrowingUp.CSharp.csproj", "{807F3FAF-A679-B583-710E-EF01D40B073A}"
EndProject
Global
	GlobalSection(SolutionConfigurationPlatforms) = preSolution
		Debug|Any CPU = Debug|Any CPU
		Release|Any CPU = Release|Any CPU
	EndGlobalSection
	GlobalSection(ProjectConfigurationPlatforms) = postSolution
		{807F3FAF-A679-B583-710E-EF01D40B073A}.Debug|Any CPU.ActiveCfg = Debug|Any CPU
		{807F3FAF-A679-B583-710E-EF01D40B073A}.Debug|Any CPU.Build.0 = Debug|Any CPU
		{807F3FAF-A679-B583-710E-EF01D40B073A}.Release|Any CPU.ActiveCfg = Release|Any CPU
		{807F3FAF-A679-B583-710E-EF01D40B073A}.Release|Any CPU.Build.0 = Release|Any CPU
	EndGlobalSection
	GlobalSection(SolutionProperties) = preSolution
		HideSolutionNode = FALSE
	EndGlobalSection
EndGlobal
